
Microsoft Visual Studio Solution File, Format Version 12.00
# Visual Studio Version 16
VisualStudioVersion = 16.0.32901.82
MinimumVisualStudioVersion = 10.0.40219.1
Project("{FAE04EC0-301F-11D3-BF4B-00C04F79EFBC}") = "Task 2", "Task 2.csproj", "{7224E79F-59EC-4D16-9230-E4344EAF1D90}"
EndProject
Global
	GlobalSection(SolutionConfigurationPlatforms) = preSolution
		Debug|Any CPU = Debug|Any CPU
		Release|Any CPU = Release|Any CPU
	EndGlobalSection
	GlobalSection(ProjectConfigurationPlatforms) = postSolution
		{7224E79F-59EC-4D16-9230-E4344EAF1D90}.Debug|Any CPU.ActiveCfg = Debug|Any CPU
		{7224E79F-59EC-4D16-9230-E4344EAF1D90}.Debug|Any CPU.Build.0 = Debug|Any CPU
		{7224E79F-59EC-4D16-9230-E4344EAF1D90}.Release|Any CPU.ActiveCfg = Release|Any CPU
		{7224E79F-59EC-4D16-9230-E4344EAF1D90}.Release|Any CPU.Build.0 = Release|Any CPU
	EndGlobalSection
	GlobalSection(SolutionProperties) = preSolution
		HideSolutionNode = FALSE
	EndGlobalSection
	GlobalSection(ExtensibilityGlobals) = postSolution
		SolutionGuid = {D4E5CC3D-1FBF-4E3E-9328-5C41D4D13E51}
	EndGlobalSection
EndGlobal
